
Microsoft Visual Studio Solution File, Format Version 12.00
# Visual Studio Version 16
VisualStudioVersion = 16.0.30611.23
MinimumVisualStudioVersion = 10.0.40219.1
Project("{159641D6-6404-4A2A-AE62-294DE0FE8301}") = "ETL Final", "ETL Final.dtproj", "{2585E5F0-067B-4157-8DFC-B3F37410687D}"
EndProject
Global
	GlobalSection(SolutionConfigurationPlatforms) = preSolution
		Development|Default = Development|Default
	EndGlobalSection
	GlobalSection(ProjectConfigurationPlatforms) = postSolution
		{2585E5F0-067B-4157-8DFC-B3F37410687D}.Development|Default.ActiveCfg = Development
		{2585E5F0-067B-4157-8DFC-B3F37410687D}.Development|Default.Build.0 = Development
	EndGlobalSection
	GlobalSection(SolutionProperties) = preSolution
		HideSolutionNode = FALSE
	EndGlobalSection
	GlobalSection(ExtensibilityGlobals) = postSolution
		SolutionGuid = {6F74BBA9-74A0-43B8-A292-520229A4E034}
	EndGlobalSection
EndGlobal
